
Microsoft Visual Studio Solution File, Format Version 12.00
# Visual Studio 15
VisualStudioVersion = 15.0.26730.16
MinimumVisualStudioVersion = 10.0.40219.1
Project("{9A19103F-16F7-4668-BE54-9A1E7A4F7556}") = "DoranekoDB", "DoranekoDB\DoranekoDB.csproj", "{18139030-4B78-413D-AEE5-6A6A877655B0}"
EndProject
Project("{9A19103F-16F7-4668-BE54-9A1E7A4F7556}") = "SampleAndTest", "SampleAndTest\SampleAndTest.csproj", "{7CB158BA-F07C-478D-8CF9-A4F80AE5C5FD}"
EndProject
Project("{9A19103F-16F7-4668-BE54-9A1E7A4F7556}") = "TemplateHelper", "TemplateHelper\TemplateHelper.csproj", "{8D2ECFE1-CD0C-4C01-A16B-9A8D9EAA4061}"
EndProject
Project("{9A19103F-16F7-4668-BE54-9A1E7A4F7556}") = "ProjectCommon", "ProjectCommon\ProjectCommon.csproj", "{A55FAEC4-0107-487A-B30E-A3FD8BF76DE9}"
EndProject
Project("{2150E333-8FDC-42A3-9474-1A3956D46DE8}") = "Solution Items", "Solution Items", "{C0590FDB-0216-4C0C-99B3-6A30742DA7A5}"
	ProjectSection(SolutionItems) = preProject
		README.md = README.md
	EndProjectSection
EndProject
Global
	GlobalSection(SolutionConfigurationPlatforms) = preSolution
		Debug|Any CPU = Debug|Any CPU
		Release|Any CPU = Release|Any CPU
	EndGlobalSection
	GlobalSection(ProjectConfigurationPlatforms) = postSolution
		{18139030-4B78-413D-AEE5-6A6A877655B0}.Debug|Any CPU.ActiveCfg = Debug|Any CPU
		{18139030-4B78-413D-AEE5-6A6A877655B0}.Debug|Any CPU.Build.0 = Debug|Any CPU
		{18139030-4B78-413D-AEE5-6A6A877655B0}.Release|Any CPU.ActiveCfg = Release|Any CPU
		{18139030-4B78-413D-AEE5-6A6A877655B0}.Release|Any CPU.Build.0 = Release|Any CPU
		{7CB158BA-F07C-478D-8CF9-A4F80AE5C5FD}.Debug|Any CPU.ActiveCfg = Debug|Any CPU
		{7CB158BA-F07C-478D-8CF9-A4F80AE5C5FD}.Debug|Any CPU.Build.0 = Debug|Any CPU
		{7CB158BA-F07C-478D-8CF9-A4F80AE5C5FD}.Release|Any CPU.ActiveCfg = Release|Any CPU
		{7CB158BA-F07C-478D-8CF9-A4F80AE5C5FD}.Release|Any CPU.Build.0 = Release|Any CPU
		{8D2ECFE1-CD0C-4C01-A16B-9A8D9EAA4061}.Debug|Any CPU.ActiveCfg = Debug|Any CPU
		{8D2ECFE1-CD0C-4C01-A16B-9A8D9EAA4061}.Debug|Any CPU.Build.0 = Debug|Any CPU
		{8D2ECFE1-CD0C-4C01-A16B-9A8D9EAA4061}.Release|Any CPU.ActiveCfg = Release|Any CPU
		{8D2ECFE1-CD0C-4C01-A16B-9A8D9EAA4061}.Release|Any CPU.Build.0 = Release|Any CPU
		{A55FAEC4-0107-487A-B30E-A3FD8BF76DE9}.Debug|Any CPU.ActiveCfg = Debug|Any CPU
		{A55FAEC4-0107-487A-B30E-A3FD8BF76DE9}.Debug|Any CPU.Build.0 = Debug|Any CPU
		{A55FAEC4-0107-487A-B30E-A3FD8BF76DE9}.Release|Any CPU.ActiveCfg = Release|Any CPU
		{A55FAEC4-0107-487A-B30E-A3FD8BF76DE9}.Release|Any CPU.Build.0 = Release|Any CPU
	EndGlobalSection
	GlobalSection(SolutionProperties) = preSolution
		HideSolutionNode = FALSE
	EndGlobalSection
	GlobalSection(ExtensibilityGlobals) = postSolution
		SolutionGuid = {41A9F9B6-8D9B-497C-8252-E037CB07E89C}
	EndGlobalSection
EndGlobal
